
Microsoft Visual Studio Solution File, Format Version 12.00
# Visual Studio 15
VisualStudioVersion = 15.0.26730.16
MinimumVisualStudioVersion = 10.0.40219.1
Project("{FAE04EC0-301F-11D3-BF4B-00C04F79EFBC}") = "CameraCapturer", "CameraCapturer\CameraCapturer.csproj", "{32217251-D77A-474F-AC43-82114D499706}"
EndProject
Project("{930C7802-8A8C-48F9-8165-68863BCCD9DD}") = "SetupProjectMediaCapture", "SetupProjectMediaCapture\SetupProjectMediaCapture.wixproj", "{98E35983-B1EF-4EB2-B4D9-37DF6C7FC137}"
EndProject
Project("{9A19103F-16F7-4668-BE54-9A1E7A4F7556}") = "ConsoleObtenerCadenaInstalador", "ConsoleObtenerCadenaInstalador\ConsoleObtenerCadenaInstalador.csproj", "{24FA0156-66DF-40D2-B02D-4D9CF9486FA7}"
EndProject
Project("{54435603-DBB4-11D2-8724-00A0C9A8B90C}") = "SetupWizardtMediaCapture", "SetupWizardtMediaCapture\SetupWizardtMediaCapture.vdproj", "{F12B38BF-4471-452A-BEE7-68F563688C29}"
EndProject
Project("{FAE04EC0-301F-11D3-BF4B-00C04F79EFBC}") = "MediaCampturerControlerLib", "MediaCampturerControlerLib\MediaCampturerControlerLib.csproj", "{4BF59F34-1350-4E61-BCDC-603E5B8CD0E5}"
EndProject
Global
	GlobalSection(SolutionConfigurationPlatforms) = preSolution
		Debug|Any CPU = Debug|Any CPU
		Debug|x86 = Debug|x86
		Release|Any CPU = Release|Any CPU
		Release|x86 = Release|x86
	EndGlobalSection
	GlobalSection(ProjectConfigurationPlatforms) = postSolution
		{32217251-D77A-474F-AC43-82114D499706}.Debug|Any CPU.ActiveCfg = Debug|Any CPU
		{32217251-D77A-474F-AC43-82114D499706}.Debug|Any CPU.Build.0 = Debug|Any CPU
		{32217251-D77A-474F-AC43-82114D499706}.Debug|x86.ActiveCfg = Debug|Any CPU
		{32217251-D77A-474F-AC43-82114D499706}.Debug|x86.Build.0 = Debug|Any CPU
		{32217251-D77A-474F-AC43-82114D499706}.Release|Any CPU.ActiveCfg = Release|Any CPU
		{32217251-D77A-474F-AC43-82114D499706}.Release|Any CPU.Build.0 = Release|Any CPU
		{32217251-D77A-474F-AC43-82114D499706}.Release|x86.ActiveCfg = Release|Any CPU
		{32217251-D77A-474F-AC43-82114D499706}.Release|x86.Build.0 = Release|Any CPU
		{98E35983-B1EF-4EB2-B4D9-37DF6C7FC137}.Debug|Any CPU.ActiveCfg = Debug|x86
		{98E35983-B1EF-4EB2-B4D9-37DF6C7FC137}.Debug|x86.ActiveCfg = Debug|x86
		{98E35983-B1EF-4EB2-B4D9-37DF6C7FC137}.Debug|x86.Build.0 = Debug|x86
		{98E35983-B1EF-4EB2-B4D9-37DF6C7FC137}.Release|Any CPU.ActiveCfg = Release|x86
		{98E35983-B1EF-4EB2-B4D9-37DF6C7FC137}.Release|x86.ActiveCfg = Release|x86
		{98E35983-B1EF-4EB2-B4D9-37DF6C7FC137}.Release|x86.Build.0 = Release|x86
		{24FA0156-66DF-40D2-B02D-4D9CF9486FA7}.Debug|Any CPU.ActiveCfg = Debug|Any CPU
		{24FA0156-66DF-40D2-B02D-4D9CF9486FA7}.Debug|Any CPU.Build.0 = Debug|Any CPU
		{24FA0156-66DF-40D2-B02D-4D9CF9486FA7}.Debug|x86.ActiveCfg = Debug|Any CPU
		{24FA0156-66DF-40D2-B02D-4D9CF9486FA7}.Debug|x86.Build.0 = Debug|Any CPU
		{24FA0156-66DF-40D2-B02D-4D9CF9486FA7}.Release|Any CPU.ActiveCfg = Release|Any CPU
		{24FA0156-66DF-40D2-B02D-4D9CF9486FA7}.Release|Any CPU.Build.0 = Release|Any CPU
		{24FA0156-66DF-40D2-B02D-4D9CF9486FA7}.Release|x86.ActiveCfg = Release|Any CPU
		{24FA0156-66DF-40D2-B02D-4D9CF9486FA7}.Release|x86.Build.0 = Release|Any CPU
		{F12B38BF-4471-452A-BEE7-68F563688C29}.Debug|Any CPU.ActiveCfg = Debug
		{F12B38BF-4471-452A-BEE7-68F563688C29}.Debug|x86.ActiveCfg = Debug
		{F12B38BF-4471-452A-BEE7-68F563688C29}.Release|Any CPU.ActiveCfg = Release
		{F12B38BF-4471-452A-BEE7-68F563688C29}.Release|x86.ActiveCfg = Release
		{4BF59F34-1350-4E61-BCDC-603E5B8CD0E5}.Debug|Any CPU.ActiveCfg = Debug|Any CPU
		{4BF59F34-1350-4E61-BCDC-603E5B8CD0E5}.Debug|Any CPU.Build.0 = Debug|Any CPU
		{4BF59F34-1350-4E61-BCDC-603E5B8CD0E5}.Debug|x86.ActiveCfg = Debug|Any CPU
		{4BF59F34-1350-4E61-BCDC-603E5B8CD0E5}.Debug|x86.Build.0 = Debug|Any CPU
		{4BF59F34-1350-4E61-BCDC-603E5B8CD0E5}.Release|Any CPU.ActiveCfg = Release|Any CPU
		{4BF59F34-1350-4E61-BCDC-603E5B8CD0E5}.Release|Any CPU.Build.0 = Release|Any CPU
		{4BF59F34-1350-4E61-BCDC-603E5B8CD0E5}.Release|x86.ActiveCfg = Release|Any CPU
		{4BF59F34-1350-4E61-BCDC-603E5B8CD0E5}.Release|x86.Build.0 = Release|Any CPU
	EndGlobalSection
	GlobalSection(SolutionProperties) = preSolution
		HideSolutionNode = FALSE
	EndGlobalSection
	GlobalSection(ExtensibilityGlobals) = postSolution
		SolutionGuid = {7374504E-D684-4AD4-8C2A-E4722EB3924D}
	EndGlobalSection
EndGlobal
